// !$*UTF8*$!
{
	archiveVersion = 1;
	classes = {
	};
	objectVersion = 55;
	objects = {

/* Begin PBXBuildFile section */
		8439F5B728F80F110037DEDB /* AppDelegate.swift in Sources */ = {isa = PBXBuildFile; fileRef = 8439F5B628F80F110037DEDB /* AppDelegate.swift */; };
		8439F5B928F80F110037DEDB /* SceneDelegate.swift in Sources */ = {isa = PBXBuildFile; fileRef = 8439F5B828F80F110037DEDB /* SceneDelegate.swift */; };
		8439F5BB28F80F110037DEDB /* ViewController.swift in Sources */ = {isa = PBXBuildFile; fileRef = 8439F5BA28F80F110037DEDB /* ViewController.swift */; };
		8439F5BE28F80F110037DEDB /* Main.storyboard in Resources */ = {isa = PBXBuildFile; fileRef = 8439F5BC28F80F110037DEDB /* Main.storyboard */; };
		8439F5C028F80F140037DEDB /* Assets.xcassets in Resources */ = {isa = PBXBuildFile; fileRef = 8439F5BF28F80F140037DEDB /* Assets.xcassets */; };
		8439F5C328F80F140037DEDB /* LaunchScreen.storyboard in Resources */ = {isa = PBXBuildFile; fileRef = 8439F5C128F80F140037DEDB /* LaunchScreen.storyboard */; };
		8439F5CE28F80F140037DEDB /* ContactInfoTests.swift in Sources */ = {isa = PBXBuildFile; fileRef = 8439F5CD28F80F140037DEDB /* ContactInfoTests.swift */; };
		8439F5D828F80F140037DEDB /* ContactInfoUITests.swift in Sources */ = {isa = PBXBuildFile; fileRef = 8439F5D728F80F140037DEDB /* ContactInfoUITests.swift */; };
		8439F5DA28F80F140037DEDB /* ContactInfoUITestsLaunchTests.swift in Sources */ = {isa = PBXBuildFile; fileRef = 8439F5D928F80F140037DEDB /* ContactInfoUITestsLaunchTests.swift */; };
/* End PBXBuildFile section */

/* Begin PBXContainerItemProxy section */
		8439F5CA28F80F140037DEDB /* PBXContainerItemProxy */ = {
			isa = PBXContainerItemProxy;
			containerPortal = 8439F5AB28F80F110037DEDB /* Project object */;
			proxyType = 1;
			remoteGlobalIDString = 8439F5B228F80F110037DEDB;
			remoteInfo = ContactInfo;
		};
		8439F5D428F80F140037DEDB /* PBXContainerItemProxy */ = {
			isa = PBXContainerItemProxy;
			containerPortal = 8439F5AB28F80F110037DEDB /* Project object */;
			proxyType = 1;
			remoteGlobalIDString = 8439F5B228F80F110037DEDB;
			remoteInfo = ContactInfo;
		};
/* End PBXContainerItemProxy section */

/* Begin PBXFileReference section */
		8439F5B328F80F110037DEDB /* ContactInfo.app */ = {isa = PBXFileReference; explicitFileType = wrapper.application; includeInIndex = 0; path = ContactInfo.app; sourceTree = BUILT_PRODUCTS_DIR; };
		8439F5B628F80F110037DEDB /* AppDelegate.swift */ = {isa = PBXFileReference; lastKnownFileType = sourcecode.swift; path = AppDelegate.swift; sourceTree = "<group>"; };
		8439F5B828F80F110037DEDB /* SceneDelegate.swift */ = {isa = PBXFileReference; lastKnownFileType = sourcecode.swift; path = SceneDelegate.swift; sourceTree = "<group>"; };
		8439F5BA28F80F110037DEDB /* ViewController.swift */ = {isa = PBXFileReference; lastKnownFileType = sourcecode.swift; path = ViewController.swift; sourceTree = "<group>"; };
		8439F5BD28F80F110037DEDB /* Base */ = {isa = PBXFileReference; lastKnownFileType = file.storyboard; name = Base; path = Base.lproj/Main.storyboard; sourceTree = "<group>"; };
		8439F5BF28F80F140037DEDB /* Assets.xcassets */ = {isa = PBXFileReference; lastKnownFileType = folder.assetcatalog; path = Assets.xcassets; sourceTree = "<group>"; };
		8439F5C228F80F140037DEDB /* Base */ = {isa = PBXFileReference; lastKnownFileType = file.storyboard; name = Base; path = Base.lproj/LaunchScreen.storyboard; sourceTree = "<group>"; };
		8439F5C428F80F140037DEDB /* Info.plist */ = {isa = PBXFileReference; lastKnownFileType = text.plist.xml; path = Info.plist; sourceTree = "<group>"; };
		8439F5C928F80F140037DEDB /* ContactInfoTests.xctest */ = {isa = PBXFileReference; explicitFileType = wrapper.cfbundle; includeInIndex = 0; path = ContactInfoTests.xctest; sourceTree = BUILT_PRODUCTS_DIR; };
		8439F5CD28F80F140037DEDB /* ContactInfoTests.swift */ = {isa = PBXFileReference; lastKnownFileType = sourcecode.swift; path = ContactInfoTests.swift; sourceTree = "<group>"; };
		8439F5D328F80F140037DEDB /* ContactInfoUITests.xctest */ = {isa = PBXFileReference; explicitFileType = wrapper.cfbundle; includeInIndex = 0; path = ContactInfoUITests.xctest; sourceTree = BUILT_PRODUCTS_DIR; };
		8439F5D728F80F140037DEDB /* ContactInfoUITests.swift */ = {isa = PBXFileReference; lastKnownFileType = sourcecode.swift; path = ContactInfoUITests.swift; sourceTree = "<group>"; };
		8439F5D928F80F140037DEDB /* ContactInfoUITestsLaunchTests.swift */ = {isa = PBXFileReference; lastKnownFileType = sourcecode.swift; path = ContactInfoUITestsLaunchTests.swift; sourceTree = "<group>"; };
/* End PBXFileReference section */

/* Begin PBXFrameworksBuildPhase section */
		8439F5B028F80F110037DEDB /* Frameworks */ = {
			isa = PBXFrameworksBuildPhase;
			buildActionMask = 2147483647;
			files = (
			);
			runOnlyForDeploymentPostprocessing = 0;
		};
		8439F5C628F80F140037DEDB /* Frameworks */ = {
			isa = PBXFrameworksBuildPhase;
			buildActionMask = 2147483647;
			files = (
			);
			runOnlyForDeploymentPostprocessing = 0;
		};
		8439F5D028F80F140037DEDB /* Frameworks */ = {
			isa = PBXFrameworksBuildPhase;
			buildActionMask = 2147483647;
			files = (
			);
			runOnlyForDeploymentPostprocessing = 0;
		};
/* End PBXFrameworksBuildPhase section */

/* Begin PBXGroup section */
		8439F5AA28F80F110037DEDB = {
			isa = PBXGroup;
			children = (
				8439F5B528F80F110037DEDB /* ContactInfo */,
				8439F5CC28F80F140037DEDB /* ContactInfoTests */,
				8439F5D628F80F140037DEDB /* ContactInfoUITests */,
				8439F5B428F80F110037DEDB /* Products */,
			);
			sourceTree = "<group>";
		};
		8439F5B428F80F110037DEDB /* Products */ = {
			isa = PBXGroup;
			children = (
				8439F5B328F80F110037DEDB /* ContactInfo.app */,
				8439F5C928F80F140037DEDB /* ContactInfoTests.xctest */,
				8439F5D328F80F140037DEDB /* ContactInfoUITests.xctest */,
			);
			name = Products;
			sourceTree = "<group>";
		};
		8439F5B528F80F110037DEDB /* ContactInfo */ = {
			isa = PBXGroup;
			children = (
				8456F1DC28F9FE4400824A62 /* Models */,
				8456F1DD28F9FE5000824A62 /* View */,
				8456F1DE28F9FE5800824A62 /* Controllers */,
				8456F1DF28F9FE8000824A62 /* Delegates */,
				8439F5BF28F80F140037DEDB /* Assets.xcassets */,
				8439F5C428F80F140037DEDB /* Info.plist */,
			);
			path = ContactInfo;
			sourceTree = "<group>";
		};
		8439F5CC28F80F140037DEDB /* ContactInfoTests */ = {
			isa = PBXGroup;
			children = (
				8439F5CD28F80F140037DEDB /* ContactInfoTests.swift */,
			);
			path = ContactInfoTests;
			sourceTree = "<group>";
		};
		8439F5D628F80F140037DEDB /* ContactInfoUITests */ = {
			isa = PBXGroup;
			children = (
				8439F5D728F80F140037DEDB /* ContactInfoUITests.swift */,
				8439F5D928F80F140037DEDB /* ContactInfoUITestsLaunchTests.swift */,
			);
			path = ContactInfoUITests;
			sourceTree = "<group>";
		};
		8456F1DC28F9FE4400824A62 /* Models */ = {
			isa = PBXGroup;
			children = (
			);
			path = Models;
			sourceTree = "<group>";
		};
		8456F1DD28F9FE5000824A62 /* View */ = {
			isa = PBXGroup;
			children = (
				8439F5BC28F80F110037DEDB /* Main.storyboard */,
				8439F5C128F80F140037DEDB /* LaunchScreen.storyboard */,
			);
			path = View;
			sourceTree = "<group>";
		};
		8456F1DE28F9FE5800824A62 /* Controllers */ = {
			isa = PBXGroup;
			children = (
				8439F5BA28F80F110037DEDB /* ViewController.swift */,
			);
			path = Controllers;
			sourceTree = "<group>";
		};
		8456F1DF28F9FE8000824A62 /* Delegates */ = {
			isa = PBXGroup;
			children = (
				8439F5B628F80F110037DEDB /* AppDelegate.swift */,
				8439F5B828F80F110037DEDB /* SceneDelegate.swift */,
			);
			path = Delegates;
			sourceTree = "<group>";
		};
/* End PBXGroup section */

/* Begin PBXNativeTarget section */
		8439F5B228F80F110037DEDB /* ContactInfo */ = {
			isa = PBXNativeTarget;
			buildConfigurationList = 8439F5DD28F80F140037DEDB /* Build configuration list for PBXNativeTarget "ContactInfo" */;
			buildPhases = (
				8439F5AF28F80F110037DEDB /* Sources */,
				8439F5B028F80F110037DEDB /* Frameworks */,
				8439F5B128F80F110037DEDB /* Resources */,
			);
			buildRules = (
			);
			dependencies = (
			);
			name = ContactInfo;
			productName = ContactInfo;
			productReference = 8439F5B328F80F110037DEDB /* ContactInfo.app */;
			productType = "com.apple.product-type.application";
		};
		8439F5C828F80F140037DEDB /* ContactInfoTests */ = {
			isa = PBXNativeTarget;
			buildConfigurationList = 8439F5E028F80F140037DEDB /* Build configuration list for PBXNativeTarget "ContactInfoTests" */;
			buildPhases = (
				8439F5C528F80F140037DEDB /* Sources */,
				8439F5C628F80F140037DEDB /* Frameworks */,
				8439F5C728F80F140037DEDB /* Resources */,
			);
			buildRules = (
			);
			dependencies = (
				8439F5CB28F80F140037DEDB /* PBXTargetDependency */,
			);
			name = ContactInfoTests;
			productName = ContactInfoTests;
			productReference = 8439F5C928F80F140037DEDB /* ContactInfoTests.xctest */;
			productType = "com.apple.product-type.bundle.unit-test";
		};
		8439F5D228F80F140037DEDB /* ContactInfoUITests */ = {
			isa = PBXNativeTarget;
			buildConfigurationList = 8439F5E328F80F140037DEDB /* Build configuration list for PBXNativeTarget "ContactInfoUITests" */;
			buildPhases = (
				8439F5CF28F80F140037DEDB /* Sources */,
				8439F5D028F80F140037DEDB /* Frameworks */,
				8439F5D128F80F140037DEDB /* Resources */,
			);
			buildRules = (
			);
			dependencies = (
				8439F5D528F80F140037DEDB /* PBXTargetDependency */,
			);
			name = ContactInfoUITests;
			productName = ContactInfoUITests;
			productReference = 8439F5D328F80F140037DEDB /* ContactInfoUITests.xctest */;
			productType = "com.apple.product-type.bundle.ui-testing";
		};
/* End PBXNativeTarget section */

/* Begin PBXProject section */
		8439F5AB28F80F110037DEDB /* Project object */ = {
			isa = PBXProject;
			attributes = {
				BuildIndependentTargetsInParallel = 1;
				LastSwiftUpdateCheck = 1330;
				LastUpgradeCheck = 1330;
				TargetAttributes = {
					8439F5B228F80F110037DEDB = {
						CreatedOnToolsVersion = 13.3.1;
					};
					8439F5C828F80F140037DEDB = {
						CreatedOnToolsVersion = 13.3.1;
						TestTargetID = 8439F5B228F80F110037DEDB;
					};
					8439F5D228F80F140037DEDB = {
						CreatedOnToolsVersion = 13.3.1;
						TestTargetID = 8439F5B228F80F110037DEDB;
					};
				};
			};
			buildConfigurationList = 8439F5AE28F80F110037DEDB /* Build configuration list for PBXProject "ContactInfo" */;
			compatibilityVersion = "Xcode 13.0";
			developmentRegion = en;
			hasScannedForEncodings = 0;
			knownRegions = (
				en,
				Base,
			);
			mainGroup = 8439F5AA28F80F110037DEDB;
			productRefGroup = 8439F5B428F80F110037DEDB /* Products */;
			projectDirPath = "";
			projectRoot = "";
			targets = (
				8439F5B228F80F110037DEDB /* ContactInfo */,
				8439F5C828F80F140037DEDB /* ContactInfoTests */,
				8439F5D228F80F140037DEDB /* ContactInfoUITests */,
			);
		};
/* End PBXProject section */

/* Begin PBXResourcesBuildPhase section */
		8439F5B128F80F110037DEDB /* Resources */ = {
			isa = PBXResourcesBuildPhase;
			buildActionMask = 2147483647;
			files = (
				8439F5C328F80F140037DEDB /* LaunchScreen.storyboard in Resources */,
				8439F5C028F80F140037DEDB /* Assets.xcassets in Resources */,
				8439F5BE28F80F110037DEDB /* Main.storyboard in Resources */,
			);
			runOnlyForDeploymentPostprocessing = 0;
		};
		8439F5C728F80F140037DEDB /* Resources */ = {
			isa = PBXResourcesBuildPhase;
			buildActionMask = 2147483647;
			files = (
			);
			runOnlyForDeploymentPostprocessing = 0;
		};
		8439F5D128F80F140037DEDB /* Resources */ = {
			isa = PBXResourcesBuildPhase;
			buildActionMask = 2147483647;
			files = (
			);
			runOnlyForDeploymentPostprocessing = 0;
		};
/* End PBXResourcesBuildPhase section */

/* Begin PBXSourcesBuildPhase section */
		8439F5AF28F80F110037DEDB /* Sources */ = {
			isa = PBXSourcesBuildPhase;
			buildActionMask = 2147483647;
			files = (
				8439F5BB28F80F110037DEDB /* ViewController.swift in Sources */,
				8439F5B728F80F110037DEDB /* AppDelegate.swift in Sources */,
				8439F5B928F80F110037DEDB /* SceneDelegate.swift in Sources */,
			);
			runOnlyForDeploymentPostprocessing = 0;
		};
		8439F5C528F80F140037DEDB /* Sources */ = {
			isa = PBXSourcesBuildPhase;
			buildActionMask = 2147483647;
			files = (
				8439F5CE28F80F140037DEDB /* ContactInfoTests.swift in Sources */,
			);
			runOnlyForDeploymentPostprocessing = 0;
		};
		8439F5CF28F80F140037DEDB /* Sources */ = {
			isa = PBXSourcesBuildPhase;
			buildActionMask = 2147483647;
			files = (
				8439F5D828F80F140037DEDB /* ContactInfoUITests.swift in Sources */,
				8439F5DA28F80F140037DEDB /* ContactInfoUITestsLaunchTests.swift in Sources */,
			);
			runOnlyForDeploymentPostprocessing = 0;
		};
/* End PBXSourcesBuildPhase section */

/* Begin PBXTargetDependency section */
		8439F5CB28F80F140037DEDB /* PBXTargetDependency */ = {
			isa = PBXTargetDependency;
			target = 8439F5B228F80F110037DEDB /* ContactInfo */;
			targetProxy = 8439F5CA28F80F140037DEDB /* PBXContainerItemProxy */;
		};
		8439F5D528F80F140037DEDB /* PBXTargetDependency */ = {
			isa = PBXTargetDependency;
			target = 8439F5B228F80F110037DEDB /* ContactInfo */;
			targetProxy = 8439F5D428F80F140037DEDB /* PBXContainerItemProxy */;
		};
/* End PBXTargetDependency section */

/* Begin PBXVariantGroup section */
		8439F5BC28F80F110037DEDB /* Main.storyboard */ = {
			isa = PBXVariantGroup;
			children = (
				8439F5BD28F80F110037DEDB /* Base */,
			);
			name = Main.storyboard;
			sourceTree = "<group>";
		};
		8439F5C128F80F140037DEDB /* LaunchScreen.storyboard */ = {
			isa = PBXVariantGroup;
			children = (
				8439F5C228F80F140037DEDB /* Base */,
			);
			name = LaunchScreen.storyboard;
			sourceTree = "<group>";
		};
/* End PBXVariantGroup section */

/* Begin XCBuildConfiguration section */
		8439F5DB28F80F140037DEDB /* Debug */ = {
			isa = XCBuildConfiguration;
			buildSettings = {
				ALWAYS_SEARCH_USER_PATHS = NO;
				CLANG_ANALYZER_NONNULL = YES;
				CLANG_ANALYZER_NUMBER_OBJECT_CONVERSION = YES_AGGRESSIVE;
				CLANG_CXX_LANGUAGE_STANDARD = "gnu++17";
				CLANG_ENABLE_MODULES = YES;
				CLANG_ENABLE_OBJC_ARC = YES;
				CLANG_ENABLE_OBJC_WEAK = YES;
				CLANG_WARN_BLOCK_CAPTURE_AUTORELEASING = YES;
				CLANG_WARN_BOOL_CONVERSION = YES;
				CLANG_WARN_COMMA = YES;
				CLANG_WARN_CONSTANT_CONVERSION = YES;
				CLANG_WARN_DEPRECATED_OBJC_IMPLEMENTATIONS = YES;
				CLANG_WARN_DIRECT_OBJC_ISA_USAGE = YES_ERROR;
				CLANG_WARN_DOCUMENTATION_COMMENTS = YES;
				CLANG_WARN_EMPTY_BODY = YES;
				CLANG_WARN_ENUM_CONVERSION = YES;
				CLANG_WARN_INFINITE_RECURSION = YES;
				CLANG_WARN_INT_CONVERSION = YES;
				CLANG_WARN_NON_LITERAL_NULL_CONVERSION = YES;
				CLANG_WARN_OBJC_IMPLICIT_RETAIN_SELF = YES;
				CLANG_WARN_OBJC_LITERAL_CONVERSION = YES;
				CLANG_WARN_OBJC_ROOT_CLASS = YES_ERROR;
				CLANG_WARN_QUOTED_INCLUDE_IN_FRAMEWORK_HEADER = YES;
				CLANG_WARN_RANGE_LOOP_ANALYSIS = YES;
				CLANG_WARN_STRICT_PROTOTYPES = YES;
				CLANG_WARN_SUSPICIOUS_MOVE = YES;
				CLANG_WARN_UNGUARDED_AVAILABILITY = YES_AGGRESSIVE;
				CLANG_WARN_UNREACHABLE_CODE = YES;
				CLANG_WARN__DUPLICATE_METHOD_MATCH = YES;
				COPY_PHASE_STRIP = NO;
				DEBUG_INFORMATION_FORMAT = dwarf;
				ENABLE_STRICT_OBJC_MSGSEND = YES;
				ENABLE_TESTABILITY = YES;
				GCC_C_LANGUAGE_STANDARD = gnu11;
				GCC_DYNAMIC_NO_PIC = NO;
				GCC_NO_COMMON_BLOCKS = YES;
				GCC_OPTIMIZATION_LEVEL = 0;
				GCC_PREPROCESSOR_DEFINITIONS = (
					"DEBUG=1",
					"$(inherited)",
				);
				GCC_WARN_64_TO_32_BIT_CONVERSION = YES;
				GCC_WARN_ABOUT_RETURN_TYPE = YES_ERROR;
				GCC_WARN_UNDECLARED_SELECTOR = YES;
				GCC_WARN_UNINITIALIZED_AUTOS = YES_AGGRESSIVE;
				GCC_WARN_UNUSED_FUNCTION = YES;
				GCC_WARN_UNUSED_VARIABLE = YES;
				IPHONEOS_DEPLOYMENT_TARGET = 15.4;
				MTL_ENABLE_DEBUG_INFO = INCLUDE_SOURCE;
				MTL_FAST_MATH = YES;
				ONLY_ACTIVE_ARCH = YES;
				SDKROOT = iphoneos;
				SWIFT_ACTIVE_COMPILATION_CONDITIONS = DEBUG;
				SWIFT_OPTIMIZATION_LEVEL = "-Onone";
			};
			name = Debug;
		};
		8439F5DC28F80F140037DEDB /* Release */ = {
			isa = XCBuildConfiguration;
			buildSettings = {
				ALWAYS_SEARCH_USER_PATHS = NO;
				CLANG_ANALYZER_NONNULL = YES;
				CLANG_ANALYZER_NUMBER_OBJECT_CONVERSION = YES_AGGRESSIVE;
				CLANG_CXX_LANGUAGE_STANDARD = "gnu++17";
				CLANG_ENABLE_MODULES = YES;
				CLANG_ENABLE_OBJC_ARC = YES;
				CLANG_ENABLE_OBJC_WEAK = YES;
				CLANG_WARN_BLOCK_CAPTURE_AUTORELEASING = YES;
				CLANG_WARN_BOOL_CONVERSION = YES;
				CLANG_WARN_COMMA = YES;
				CLANG_WARN_CONSTANT_CONVERSION = YES;
				CLANG_WARN_DEPRECATED_OBJC_IMPLEMENTATIONS = YES;
				CLANG_WARN_DIRECT_OBJC_ISA_USAGE = YES_ERROR;
				CLANG_WARN_DOCUMENTATION_COMMENTS = YES;
				CLANG_WARN_EMPTY_BODY = YES;
				CLANG_WARN_ENUM_CONVERSION = YES;
				CLANG_WARN_INFINITE_RECURSION = YES;
				CLANG_WARN_INT_CONVERSION = YES;
				CLANG_WARN_NON_LITERAL_NULL_CONVERSION = YES;
				CLANG_WARN_OBJC_IMPLICIT_RETAIN_SELF = YES;
				CLANG_WARN_OBJC_LITERAL_CONVERSION = YES;
				CLANG_WARN_OBJC_ROOT_CLASS = YES_ERROR;
				CLANG_WARN_QUOTED_INCLUDE_IN_FRAMEWORK_HEADER = YES;
				CLANG_WARN_RANGE_LOOP_ANALYSIS = YES;
				CLANG_WARN_STRICT_PROTOTYPES = YES;
				CLANG_WARN_SUSPICIOUS_MOVE = YES;
				CLANG_WARN_UNGUARDED_AVAILABILITY = YES_AGGRESSIVE;
				CLANG_WARN_UNREACHABLE_CODE = YES;
				CLANG_WARN__DUPLICATE_METHOD_MATCH = YES;
				COPY_PHASE_STRIP = NO;
				DEBUG_INFORMATION_FORMAT = "dwarf-with-dsym";
				ENABLE_NS_ASSERTIONS = NO;
				ENABLE_STRICT_OBJC_MSGSEND = YES;
				GCC_C_LANGUAGE_STANDARD = gnu11;
				GCC_NO_COMMON_BLOCKS = YES;
				GCC_WARN_64_TO_32_BIT_CONVERSION = YES;
				GCC_WARN_ABOUT_RETURN_TYPE = YES_ERROR;
				GCC_WARN_UNDECLARED_SELECTOR = YES;
				GCC_WARN_UNINITIALIZED_AUTOS = YES_AGGRESSIVE;
				GCC_WARN_UNUSED_FUNCTION = YES;
				GCC_WARN_UNUSED_VARIABLE = YES;
				IPHONEOS_DEPLOYMENT_TARGET = 15.4;
				MTL_ENABLE_DEBUG_INFO = NO;
				MTL_FAST_MATH = YES;
				SDKROOT = iphoneos;
				SWIFT_COMPILATION_MODE = wholemodule;
				SWIFT_OPTIMIZATION_LEVEL = "-O";
				VALIDATE_PRODUCT = YES;
			};
			name = Release;
		};
		8439F5DE28F80F140037DEDB /* Debug */ = {
			isa = XCBuildConfiguration;
			buildSettings = {
				ASSETCATALOG_COMPILER_APPICON_NAME = AppIcon;
				ASSETCATALOG_COMPILER_GLOBAL_ACCENT_COLOR_NAME = AccentColor;
				CODE_SIGN_STYLE = Automatic;
				CURRENT_PROJECT_VERSION = 1;
				DEVELOPMENT_TEAM = ZTBSRNSWGH;
				GENERATE_INFOPLIST_FILE = YES;
				INFOPLIST_FILE = ContactInfo/Info.plist;
				INFOPLIST_KEY_NSContactsUsageDescription = "";
				INFOPLIST_KEY_UIApplicationSupportsIndirectInputEvents = YES;
				INFOPLIST_KEY_UILaunchStoryboardName = LaunchScreen;
				INFOPLIST_KEY_UIMainStoryboardFile = Main;
				INFOPLIST_KEY_UISupportedInterfaceOrientations_iPad = "UIInterfaceOrientationPortrait UIInterfaceOrientationPortraitUpsideDown UIInterfaceOrientationLandscapeLeft UIInterfaceOrientationLandscapeRight";
				INFOPLIST_KEY_UISupportedInterfaceOrientations_iPhone = "UIInterfaceOrientationPortrait UIInterfaceOrientationLandscapeLeft UIInterfaceOrientationLandscapeRight";
				LD_RUNPATH_SEARCH_PATHS = (
					"$(inherited)",
					"@executable_path/Frameworks",
				);
				MARKETING_VERSION = 1.0;
				PRODUCT_BUNDLE_IDENTIFIER = com.home.ContactInfo;
				PRODUCT_NAME = "$(TARGET_NAME)";
				SWIFT_EMIT_LOC_STRINGS = YES;
				SWIFT_VERSION = 5.0;
				TARGETED_DEVICE_FAMILY = "1,2";
			};
			name = Debug;
		};
		8439F5DF28F80F140037DEDB /* Release */ = {
			isa = XCBuildConfiguration;
			buildSettings = {
				ASSETCATALOG_COMPILER_APPICON_NAME = AppIcon;
				ASSETCATALOG_COMPILER_GLOBAL_ACCENT_COLOR_NAME = AccentColor;
				CODE_SIGN_STYLE = Automatic;
				CURRENT_PROJECT_VERSION = 1;
				DEVELOPMENT_TEAM = ZTBSRNSWGH;
				GENERATE_INFOPLIST_FILE = YES;
				INFOPLIST_FILE = ContactInfo/Info.plist;
				INFOPLIST_KEY_NSContactsUsageDescription = "";
				INFOPLIST_KEY_UIApplicationSupportsIndirectInputEvents = YES;
				INFOPLIST_KEY_UILaunchStoryboardName = LaunchScreen;
				INFOPLIST_KEY_UIMainStoryboardFile = Main;
				INFOPLIST_KEY_UISupportedInterfaceOrientations_iPad = "UIInterfaceOrientationPortrait UIInterfaceOrientationPortraitUpsideDown UIInterfaceOrientationLandscapeLeft UIInterfaceOrientationLandscapeRight";
				INFOPLIST_KEY_UISupportedInterfaceOrientations_iPhone = "UIInterfaceOrientationPortrait UIInterfaceOrientationLandscapeLeft UIInterfaceOrientationLandscapeRight";
				LD_RUNPATH_SEARCH_PATHS = (
					"$(inherited)",
					"@executable_path/Frameworks",
				);
				MARKETING_VERSION = 1.0;
				PRODUCT_BUNDLE_IDENTIFIER = com.home.ContactInfo;
				PRODUCT_NAME = "$(TARGET_NAME)";
				SWIFT_EMIT_LOC_STRINGS = YES;
				SWIFT_VERSION = 5.0;
				TARGETED_DEVICE_FAMILY = "1,2";
			};
			name = Release;
		};
		8439F5E128F80F140037DEDB /* Debug */ = {
			isa = XCBuildConfiguration;
			buildSettings = {
				ALWAYS_EMBED_SWIFT_STANDARD_LIBRARIES = YES;
				BUNDLE_LOADER = "$(TEST_HOST)";
				CODE_SIGN_STYLE = Automatic;
				CURRENT_PROJECT_VERSION = 1;
				DEVELOPMENT_TEAM = ZTBSRNSWGH;
				GENERATE_INFOPLIST_FILE = YES;
				IPHONEOS_DEPLOYMENT_TARGET = 15.4;
				MARKETING_VERSION = 1.0;
				PRODUCT_BUNDLE_IDENTIFIER = com.home.ContactInfoTests;
				PRODUCT_NAME = "$(TARGET_NAME)";
				SWIFT_EMIT_LOC_STRINGS = NO;
				SWIFT_VERSION = 5.0;
				TARGETED_DEVICE_FAMILY = "1,2";
				TEST_HOST = "$(BUILT_PRODUCTS_DIR)/ContactInfo.app/ContactInfo";
			};
			name = Debug;
		};
		8439F5E228F80F140037DEDB /* Release */ = {
			isa = XCBuildConfiguration;
			buildSettings = {
				ALWAYS_EMBED_SWIFT_STANDARD_LIBRARIES = YES;
				BUNDLE_LOADER = "$(TEST_HOST)";
				CODE_SIGN_STYLE = Automatic;
				CURRENT_PROJECT_VERSION = 1;
				DEVELOPMENT_TEAM = ZTBSRNSWGH;
				GENERATE_INFOPLIST_FILE = YES;
				IPHONEOS_DEPLOYMENT_TARGET = 15.4;
				MARKETING_VERSION = 1.0;
				PRODUCT_BUNDLE_IDENTIFIER = com.home.ContactInfoTests;
				PRODUCT_NAME = "$(TARGET_NAME)";
				SWIFT_EMIT_LOC_STRINGS = NO;
				SWIFT_VERSION = 5.0;
				TARGETED_DEVICE_FAMILY = "1,2";
				TEST_HOST = "$(BUILT_PRODUCTS_DIR)/ContactInfo.app/ContactInfo";
			};
			name = Release;
		};
		8439F5E428F80F140037DEDB /* Debug */ = {
			isa = XCBuildConfiguration;
			buildSettings = {
				ALWAYS_EMBED_SWIFT_STANDARD_LIBRARIES = YES;
				CODE_SIGN_STYLE = Automatic;
				CURRENT_PROJECT_VERSION = 1;
				DEVELOPMENT_TEAM = ZTBSRNSWGH;
				GENERATE_INFOPLIST_FILE = YES;
				MARKETING_VERSION = 1.0;
				PRODUCT_BUNDLE_IDENTIFIER = com.home.ContactInfoUITests;
				PRODUCT_NAME = "$(TARGET_NAME)";
				SWIFT_EMIT_LOC_STRINGS = NO;
				SWIFT_VERSION = 5.0;
				TARGETED_DEVICE_FAMILY = "1,2";
				TEST_TARGET_NAME = ContactInfo;
			};
			name = Debug;
		};
		8439F5E528F80F140037DEDB /* Release */ = {
			isa = XCBuildConfiguration;
			buildSettings = {
				ALWAYS_EMBED_SWIFT_STANDARD_LIBRARIES = YES;
				CODE_SIGN_STYLE = Automatic;
				CURRENT_PROJECT_VERSION = 1;
				DEVELOPMENT_TEAM = ZTBSRNSWGH;
				GENERATE_INFOPLIST_FILE = YES;
				MARKETING_VERSION = 1.0;
				PRODUCT_BUNDLE_IDENTIFIER = com.home.ContactInfoUITests;
				PRODUCT_NAME = "$(TARGET_NAME)";
				SWIFT_EMIT_LOC_STRINGS = NO;
				SWIFT_VERSION = 5.0;
				TARGETED_DEVICE_FAMILY = "1,2";
				TEST_TARGET_NAME = ContactInfo;
			};
			name = Release;
		};
/* End XCBuildConfiguration section */

/* Begin XCConfigurationList section */
		8439F5AE28F80F110037DEDB /* Build configuration list for PBXProject "ContactInfo" */ = {
			isa = XCConfigurationList;
			buildConfigurations = (
				8439F5DB28F80F140037DEDB /* Debug */,
				8439F5DC28F80F140037DEDB /* Release */,
			);
			defaultConfigurationIsVisible = 0;
			defaultConfigurationName = Release;
		};
		8439F5DD28F80F140037DEDB /* Build configuration list for PBXNativeTarget "ContactInfo" */ = {
			isa = XCConfigurationList;
			buildConfigurations = (
				8439F5DE28F80F140037DEDB /* Debug */,
				8439F5DF28F80F140037DEDB /* Release */,
			);
			defaultConfigurationIsVisible = 0;
			defaultConfigurationName = Release;
		};
		8439F5E028F80F140037DEDB /* Build configuration list for PBXNativeTarget "ContactInfoTests" */ = {
			isa = XCConfigurationList;
			buildConfigurations = (
				8439F5E128F80F140037DEDB /* Debug */,
				8439F5E228F80F140037DEDB /* Release */,
			);
			defaultConfigurationIsVisible = 0;
			defaultConfigurationName = Release;
		};
		8439F5E328F80F140037DEDB /* Build configuration list for PBXNativeTarget "ContactInfoUITests" */ = {
			isa = XCConfigurationList;
			buildConfigurations = (
				8439F5E428F80F140037DEDB /* Debug */,
				8439F5E528F80F140037DEDB /* Release */,
			);
			defaultConfigurationIsVisible = 0;
			defaultConfigurationName = Release;
		};
/* End XCConfigurationList section */
	};
	rootObject = 8439F5AB28F80F110037DEDB /* Project object */;
}
